
Microsoft Visual Studio Solution File, Format Version 12.00
# Visual Studio Version 16
VisualStudioVersion = 16.0.30225.117
MinimumVisualStudioVersion = 10.0.40219.1
Project("{FAE04EC0-301F-11D3-BF4B-00C04F79EFBC}") = "Bot600", "Bot600.csproj", "{4BB8BA63-CF25-4357-BA75-11C4C85C1BBC}"
EndProject
Global
	GlobalSection(SolutionConfigurationPlatforms) = preSolution
		Debug|Any CPU = Debug|Any CPU
		Release|Any CPU = Release|Any CPU
	EndGlobalSection
	GlobalSection(ProjectConfigurationPlatforms) = postSolution
		{4BB8BA63-CF25-4357-BA75-11C4C85C1BBC}.Debug|Any CPU.ActiveCfg = Debug|Any CPU
		{4BB8BA63-CF25-4357-BA75-11C4C85C1BBC}.Debug|Any CPU.Build.0 = Debug|Any CPU
		{4BB8BA63-CF25-4357-BA75-11C4C85C1BBC}.Release|Any CPU.ActiveCfg = Release|Any CPU
		{4BB8BA63-CF25-4357-BA75-11C4C85C1BBC}.Release|Any CPU.Build.0 = Release|Any CPU
	EndGlobalSection
	GlobalSection(SolutionProperties) = preSolution
		HideSolutionNode = FALSE
	EndGlobalSection
	GlobalSection(ExtensibilityGlobals) = postSolution
		SolutionGuid = {0285F1D1-FFE0-491F-AF83-0EB86A1A440A}
	EndGlobalSection
EndGlobal
